
Microsoft Visual Studio Solution File, Format Version 12.00
# Visual Studio Version 17
VisualStudioVersion = 17.10.35013.160
MinimumVisualStudioVersion = 10.0.40219.1
Project("{9A19103F-16F7-4668-BE54-9A1E7A4F7556}") = "SimpleCRUDApp", "SimpleCRUDApp.csproj", "{C00391D3-884B-4F8A-BF15-8FFB283E5EF1}"
EndProject
Global
	GlobalSection(SolutionConfigurationPlatforms) = preSolution
		Debug|Any CPU = Debug|Any CPU
		Release|Any CPU = Release|Any CPU
	EndGlobalSection
	GlobalSection(ProjectConfigurationPlatforms) = postSolution
		{C00391D3-884B-4F8A-BF15-8FFB283E5EF1}.Debug|Any CPU.ActiveCfg = Debug|Any CPU
		{C00391D3-884B-4F8A-BF15-8FFB283E5EF1}.Debug|Any CPU.Build.0 = Debug|Any CPU
		{C00391D3-884B-4F8A-BF15-8FFB283E5EF1}.Release|Any CPU.ActiveCfg = Release|Any CPU
		{C00391D3-884B-4F8A-BF15-8FFB283E5EF1}.Release|Any CPU.Build.0 = Release|Any CPU
	EndGlobalSection
	GlobalSection(SolutionProperties) = preSolution
		HideSolutionNode = FALSE
	EndGlobalSection
	GlobalSection(ExtensibilityGlobals) = postSolution
		SolutionGuid = {B2A12973-664E-4CF5-B550-EA72D2046ED0}
	EndGlobalSection
EndGlobal
